
Microsoft Visual Studio Solution File, Format Version 12.00
# Visual Studio Version 17
VisualStudioVersion = 17.6.33723.286
MinimumVisualStudioVersion = 10.0.40219.1
Project("{FAE04EC0-301F-11D3-BF4B-00C04F79EFBC}") = "DbOperationWithEFCoreApp", "DbOperationWithEFCoreApp.csproj", "{CC533A05-E66D-4275-86EB-C7FD06E8CB54}"
EndProject
Global
	GlobalSection(SolutionConfigurationPlatforms) = preSolution
		Debug|Any CPU = Debug|Any CPU
		Release|Any CPU = Release|Any CPU
	EndGlobalSection
	GlobalSection(ProjectConfigurationPlatforms) = postSolution
		{CC533A05-E66D-4275-86EB-C7FD06E8CB54}.Debug|Any CPU.ActiveCfg = Debug|Any CPU
		{CC533A05-E66D-4275-86EB-C7FD06E8CB54}.Debug|Any CPU.Build.0 = Debug|Any CPU
		{CC533A05-E66D-4275-86EB-C7FD06E8CB54}.Release|Any CPU.ActiveCfg = Release|Any CPU
		{CC533A05-E66D-4275-86EB-C7FD06E8CB54}.Release|Any CPU.Build.0 = Release|Any CPU
	EndGlobalSection
	GlobalSection(SolutionProperties) = preSolution
		HideSolutionNode = FALSE
	EndGlobalSection
	GlobalSection(ExtensibilityGlobals) = postSolution
		SolutionGuid = {449E8F0B-53F3-46E9-96AF-A658D5938D7D}
	EndGlobalSection
EndGlobal
